
Microsoft Visual Studio Solution File, Format Version 12.00
# Visual Studio Version 17
VisualStudioVersion = 17.3.32922.545
MinimumVisualStudioVersion = 10.0.40219.1
Project("{2150E333-8FDC-42A3-9474-1A3956D46DE8}") = "misc", "misc", "{523598CA-880D-4B2D-8686-0FF3C5D63B0C}"
	ProjectSection(SolutionItems) = preProject
		.editorconfig = .editorconfig
		.gitignore = .gitignore
		CHANGELOG.md = CHANGELOG.md
		Directory.Build.props = Directory.Build.props
		iconMt.png = iconMt.png
		iconNet.png = iconNet.png
		mt-results.snk = mt-results.snk
		README.md = README.md
	EndProjectSection
EndProject
Project("{FAE04EC0-301F-11D3-BF4B-00C04F79EFBC}") = "Mt.Results", "Mt.Results\Mt.Results.csproj", "{07610C8C-7CF7-4518-A213-A1CA81E6331C}"
EndProject
Global
	GlobalSection(SolutionConfigurationPlatforms) = preSolution
		Debug|Any CPU = Debug|Any CPU
		Release|Any CPU = Release|Any CPU
	EndGlobalSection
	GlobalSection(ProjectConfigurationPlatforms) = postSolution
		{07610C8C-7CF7-4518-A213-A1CA81E6331C}.Debug|Any CPU.ActiveCfg = Debug|Any CPU
		{07610C8C-7CF7-4518-A213-A1CA81E6331C}.Debug|Any CPU.Build.0 = Debug|Any CPU
		{07610C8C-7CF7-4518-A213-A1CA81E6331C}.Release|Any CPU.ActiveCfg = Release|Any CPU
		{07610C8C-7CF7-4518-A213-A1CA81E6331C}.Release|Any CPU.Build.0 = Release|Any CPU
	EndGlobalSection
	GlobalSection(SolutionProperties) = preSolution
		HideSolutionNode = FALSE
	EndGlobalSection
	GlobalSection(ExtensibilityGlobals) = postSolution
		SolutionGuid = {0272DEDD-5C77-4A3B-A8DF-7A0C4736C8CD}
	EndGlobalSection
EndGlobal
