
Microsoft Visual Studio Solution File, Format Version 12.00
# Visual Studio Version 17
VisualStudioVersion = 17.3.32922.545
MinimumVisualStudioVersion = 10.0.40219.1
Project("{2150E333-8FDC-42A3-9474-1A3956D46DE8}") = "misc", "misc", "{523598CA-880D-4B2D-8686-0FF3C5D63B0C}"
	ProjectSection(SolutionItems) = preProject
		.editorconfig = .editorconfig
		.gitignore = .gitignore
		.test.bat = .test.bat
		CHANGELOG.md = CHANGELOG.md
		coverlet.runsettings = coverlet.runsettings
		Directory.Build.props = Directory.Build.props
		iconMt.png = iconMt.png
		iconNet.png = iconNet.png
		mt-results.snk = mt-results.snk
		README.md = README.md
	EndProjectSection
EndProject
Project("{2150E333-8FDC-42A3-9474-1A3956D46DE8}") = "src", "src", "{929F7D53-7831-4AF6-8383-0FF63E927EC3}"
EndProject
Project("{2150E333-8FDC-42A3-9474-1A3956D46DE8}") = "tests", "tests", "{862B4F07-2079-40B7-921F-621A7FCC3D33}"
EndProject
Project("{9A19103F-16F7-4668-BE54-9A1E7A4F7556}") = "Mt.Results", "src\Mt.Results\Mt.Results.csproj", "{07610C8C-7CF7-4518-A213-A1CA81E6331C}"
EndProject
Project("{9A19103F-16F7-4668-BE54-9A1E7A4F7556}") = "Mt.Results.Test", "tests\Mt.Results.Test\Mt.Results.Test.csproj", "{FC2D079A-3028-429E-A0A9-1207354FE21C}"
EndProject
Global
	GlobalSection(SolutionConfigurationPlatforms) = preSolution
		Debug|Any CPU = Debug|Any CPU
		Release|Any CPU = Release|Any CPU
	EndGlobalSection
	GlobalSection(ProjectConfigurationPlatforms) = postSolution
		{07610C8C-7CF7-4518-A213-A1CA81E6331C}.Debug|Any CPU.ActiveCfg = Debug|Any CPU
		{07610C8C-7CF7-4518-A213-A1CA81E6331C}.Debug|Any CPU.Build.0 = Debug|Any CPU
		{07610C8C-7CF7-4518-A213-A1CA81E6331C}.Release|Any CPU.ActiveCfg = Release|Any CPU
		{07610C8C-7CF7-4518-A213-A1CA81E6331C}.Release|Any CPU.Build.0 = Release|Any CPU
		{FC2D079A-3028-429E-A0A9-1207354FE21C}.Debug|Any CPU.ActiveCfg = Debug|Any CPU
		{FC2D079A-3028-429E-A0A9-1207354FE21C}.Debug|Any CPU.Build.0 = Debug|Any CPU
		{FC2D079A-3028-429E-A0A9-1207354FE21C}.Release|Any CPU.ActiveCfg = Release|Any CPU
		{FC2D079A-3028-429E-A0A9-1207354FE21C}.Release|Any CPU.Build.0 = Release|Any CPU
	EndGlobalSection
	GlobalSection(SolutionProperties) = preSolution
		HideSolutionNode = FALSE
	EndGlobalSection
	GlobalSection(NestedProjects) = preSolution
		{07610C8C-7CF7-4518-A213-A1CA81E6331C} = {929F7D53-7831-4AF6-8383-0FF63E927EC3}
		{FC2D079A-3028-429E-A0A9-1207354FE21C} = {862B4F07-2079-40B7-921F-621A7FCC3D33}
	EndGlobalSection
	GlobalSection(ExtensibilityGlobals) = postSolution
		SolutionGuid = {0272DEDD-5C77-4A3B-A8DF-7A0C4736C8CD}
	EndGlobalSection
EndGlobal
